// !$*UTF8*$!
{
	archiveVersion = 1;
	classes = {
	};
	objectVersion = 50;
	objects = {

/* Begin PBXBuildFile section */
		934F733925E194D900BF3EF9 /* AppDelegate.swift in Sources */ = {isa = PBXBuildFile; fileRef = 934F733825E194D900BF3EF9 /* AppDelegate.swift */; };
		934F733B25E194D900BF3EF9 /* SceneDelegate.swift in Sources */ = {isa = PBXBuildFile; fileRef = 934F733A25E194D900BF3EF9 /* SceneDelegate.swift */; };
		934F733D25E194D900BF3EF9 /* ViewController.swift in Sources */ = {isa = PBXBuildFile; fileRef = 934F733C25E194D900BF3EF9 /* ViewController.swift */; };
		934F734025E194D900BF3EF9 /* Main.storyboard in Resources */ = {isa = PBXBuildFile; fileRef = 934F733E25E194D900BF3EF9 /* Main.storyboard */; };
		934F734225E194DE00BF3EF9 /* Assets.xcassets in Resources */ = {isa = PBXBuildFile; fileRef = 934F734125E194DE00BF3EF9 /* Assets.xcassets */; };
		934F734525E194DE00BF3EF9 /* LaunchScreen.storyboard in Resources */ = {isa = PBXBuildFile; fileRef = 934F734325E194DE00BF3EF9 /* LaunchScreen.storyboard */; };
		934F735025E194DF00BF3EF9 /* FlashcardsTests.swift in Sources */ = {isa = PBXBuildFile; fileRef = 934F734F25E194DF00BF3EF9 /* FlashcardsTests.swift */; };
		934F735B25E194DF00BF3EF9 /* FlashcardsUITests.swift in Sources */ = {isa = PBXBuildFile; fileRef = 934F735A25E194DF00BF3EF9 /* FlashcardsUITests.swift */; };
/* End PBXBuildFile section */

/* Begin PBXContainerItemProxy section */
		934F734C25E194DF00BF3EF9 /* PBXContainerItemProxy */ = {
			isa = PBXContainerItemProxy;
			containerPortal = 934F732D25E194D900BF3EF9 /* Project object */;
			proxyType = 1;
			remoteGlobalIDString = 934F733425E194D900BF3EF9;
			remoteInfo = Flashcards;
		};
		934F735725E194DF00BF3EF9 /* PBXContainerItemProxy */ = {
			isa = PBXContainerItemProxy;
			containerPortal = 934F732D25E194D900BF3EF9 /* Project object */;
			proxyType = 1;
			remoteGlobalIDString = 934F733425E194D900BF3EF9;
			remoteInfo = Flashcards;
		};
/* End PBXContainerItemProxy section */

/* Begin PBXFileReference section */
		934F733525E194D900BF3EF9 /* Flashcards.app */ = {isa = PBXFileReference; explicitFileType = wrapper.application; includeInIndex = 0; path = Flashcards.app; sourceTree = BUILT_PRODUCTS_DIR; };
		934F733825E194D900BF3EF9 /* AppDelegate.swift */ = {isa = PBXFileReference; lastKnownFileType = sourcecode.swift; path = AppDelegate.swift; sourceTree = "<group>"; };
		934F733A25E194D900BF3EF9 /* SceneDelegate.swift */ = {isa = PBXFileReference; lastKnownFileType = sourcecode.swift; path = SceneDelegate.swift; sourceTree = "<group>"; };
		934F733C25E194D900BF3EF9 /* ViewController.swift */ = {isa = PBXFileReference; lastKnownFileType = sourcecode.swift; path = ViewController.swift; sourceTree = "<group>"; };
		934F733F25E194D900BF3EF9 /* Base */ = {isa = PBXFileReference; lastKnownFileType = file.storyboard; name = Base; path = Base.lproj/Main.storyboard; sourceTree = "<group>"; };
		934F734125E194DE00BF3EF9 /* Assets.xcassets */ = {isa = PBXFileReference; lastKnownFileType = folder.assetcatalog; path = Assets.xcassets; sourceTree = "<group>"; };
		934F734425E194DE00BF3EF9 /* Base */ = {isa = PBXFileReference; lastKnownFileType = file.storyboard; name = Base; path = Base.lproj/LaunchScreen.storyboard; sourceTree = "<group>"; };
		934F734625E194DE00BF3EF9 /* Info.plist */ = {isa = PBXFileReference; lastKnownFileType = text.plist.xml; path = Info.plist; sourceTree = "<group>"; };
		934F734B25E194DF00BF3EF9 /* FlashcardsTests.xctest */ = {isa = PBXFileReference; explicitFileType = wrapper.cfbundle; includeInIndex = 0; path = FlashcardsTests.xctest; sourceTree = BUILT_PRODUCTS_DIR; };
		934F734F25E194DF00BF3EF9 /* FlashcardsTests.swift */ = {isa = PBXFileReference; lastKnownFileType = sourcecode.swift; path = FlashcardsTests.swift; sourceTree = "<group>"; };
		934F735125E194DF00BF3EF9 /* Info.plist */ = {isa = PBXFileReference; lastKnownFileType = text.plist.xml; path = Info.plist; sourceTree = "<group>"; };
		934F735625E194DF00BF3EF9 /* FlashcardsUITests.xctest */ = {isa = PBXFileReference; explicitFileType = wrapper.cfbundle; includeInIndex = 0; path = FlashcardsUITests.xctest; sourceTree = BUILT_PRODUCTS_DIR; };
		934F735A25E194DF00BF3EF9 /* FlashcardsUITests.swift */ = {isa = PBXFileReference; lastKnownFileType = sourcecode.swift; path = FlashcardsUITests.swift; sourceTree = "<group>"; };
		934F735C25E194DF00BF3EF9 /* Info.plist */ = {isa = PBXFileReference; lastKnownFileType = text.plist.xml; path = Info.plist; sourceTree = "<group>"; };
/* End PBXFileReference section */

/* Begin PBXFrameworksBuildPhase section */
		934F733225E194D900BF3EF9 /* Frameworks */ = {
			isa = PBXFrameworksBuildPhase;
			buildActionMask = 2147483647;
			files = (
			);
			runOnlyForDeploymentPostprocessing = 0;
		};
		934F734825E194DF00BF3EF9 /* Frameworks */ = {
			isa = PBXFrameworksBuildPhase;
			buildActionMask = 2147483647;
			files = (
			);
			runOnlyForDeploymentPostprocessing = 0;
		};
		934F735325E194DF00BF3EF9 /* Frameworks */ = {
			isa = PBXFrameworksBuildPhase;
			buildActionMask = 2147483647;
			files = (
			);
			runOnlyForDeploymentPostprocessing = 0;
		};
/* End PBXFrameworksBuildPhase section */

/* Begin PBXGroup section */
		934F732C25E194D900BF3EF9 = {
			isa = PBXGroup;
			children = (
				934F733725E194D900BF3EF9 /* Flashcards */,
				934F734E25E194DF00BF3EF9 /* FlashcardsTests */,
				934F735925E194DF00BF3EF9 /* FlashcardsUITests */,
				934F733625E194D900BF3EF9 /* Products */,
			);
			sourceTree = "<group>";
		};
		934F733625E194D900BF3EF9 /* Products */ = {
			isa = PBXGroup;
			children = (
				934F733525E194D900BF3EF9 /* Flashcards.app */,
				934F734B25E194DF00BF3EF9 /* FlashcardsTests.xctest */,
				934F735625E194DF00BF3EF9 /* FlashcardsUITests.xctest */,
			);
			name = Products;
			sourceTree = "<group>";
		};
		934F733725E194D900BF3EF9 /* Flashcards */ = {
			isa = PBXGroup;
			children = (
				934F733825E194D900BF3EF9 /* AppDelegate.swift */,
				934F733A25E194D900BF3EF9 /* SceneDelegate.swift */,
				934F733C25E194D900BF3EF9 /* ViewController.swift */,
				934F733E25E194D900BF3EF9 /* Main.storyboard */,
				934F734125E194DE00BF3EF9 /* Assets.xcassets */,
				934F734325E194DE00BF3EF9 /* LaunchScreen.storyboard */,
				934F734625E194DE00BF3EF9 /* Info.plist */,
			);
			path = Flashcards;
			sourceTree = "<group>";
		};
		934F734E25E194DF00BF3EF9 /* FlashcardsTests */ = {
			isa = PBXGroup;
			children = (
				934F734F25E194DF00BF3EF9 /* FlashcardsTests.swift */,
				934F735125E194DF00BF3EF9 /* Info.plist */,
			);
			path = FlashcardsTests;
			sourceTree = "<group>";
		};
		934F735925E194DF00BF3EF9 /* FlashcardsUITests */ = {
			isa = PBXGroup;
			children = (
				934F735A25E194DF00BF3EF9 /* FlashcardsUITests.swift */,
				934F735C25E194DF00BF3EF9 /* Info.plist */,
			);
			path = FlashcardsUITests;
			sourceTree = "<group>";
		};
/* End PBXGroup section */

/* Begin PBXNativeTarget section */
		934F733425E194D900BF3EF9 /* Flashcards */ = {
			isa = PBXNativeTarget;
			buildConfigurationList = 934F735F25E194DF00BF3EF9 /* Build configuration list for PBXNativeTarget "Flashcards" */;
			buildPhases = (
				934F733125E194D900BF3EF9 /* Sources */,
				934F733225E194D900BF3EF9 /* Frameworks */,
				934F733325E194D900BF3EF9 /* Resources */,
			);
			buildRules = (
			);
			dependencies = (
			);
			name = Flashcards;
			productName = Flashcards;
			productReference = 934F733525E194D900BF3EF9 /* Flashcards.app */;
			productType = "com.apple.product-type.application";
		};
		934F734A25E194DF00BF3EF9 /* FlashcardsTests */ = {
			isa = PBXNativeTarget;
			buildConfigurationList = 934F736225E194DF00BF3EF9 /* Build configuration list for PBXNativeTarget "FlashcardsTests" */;
			buildPhases = (
				934F734725E194DF00BF3EF9 /* Sources */,
				934F734825E194DF00BF3EF9 /* Frameworks */,
				934F734925E194DF00BF3EF9 /* Resources */,
			);
			buildRules = (
			);
			dependencies = (
				934F734D25E194DF00BF3EF9 /* PBXTargetDependency */,
			);
			name = FlashcardsTests;
			productName = FlashcardsTests;
			productReference = 934F734B25E194DF00BF3EF9 /* FlashcardsTests.xctest */;
			productType = "com.apple.product-type.bundle.unit-test";
		};
		934F735525E194DF00BF3EF9 /* FlashcardsUITests */ = {
			isa = PBXNativeTarget;
			buildConfigurationList = 934F736525E194DF00BF3EF9 /* Build configuration list for PBXNativeTarget "FlashcardsUITests" */;
			buildPhases = (
				934F735225E194DF00BF3EF9 /* Sources */,
				934F735325E194DF00BF3EF9 /* Frameworks */,
				934F735425E194DF00BF3EF9 /* Resources */,
			);
			buildRules = (
			);
			dependencies = (
				934F735825E194DF00BF3EF9 /* PBXTargetDependency */,
			);
			name = FlashcardsUITests;
			productName = FlashcardsUITests;
			productReference = 934F735625E194DF00BF3EF9 /* FlashcardsUITests.xctest */;
			productType = "com.apple.product-type.bundle.ui-testing";
		};
/* End PBXNativeTarget section */

/* Begin PBXProject section */
		934F732D25E194D900BF3EF9 /* Project object */ = {
			isa = PBXProject;
			attributes = {
				LastSwiftUpdateCheck = 1230;
				LastUpgradeCheck = 1230;
				TargetAttributes = {
					934F733425E194D900BF3EF9 = {
						CreatedOnToolsVersion = 12.3;
					};
					934F734A25E194DF00BF3EF9 = {
						CreatedOnToolsVersion = 12.3;
						TestTargetID = 934F733425E194D900BF3EF9;
					};
					934F735525E194DF00BF3EF9 = {
						CreatedOnToolsVersion = 12.3;
						TestTargetID = 934F733425E194D900BF3EF9;
					};
				};
			};
			buildConfigurationList = 934F733025E194D900BF3EF9 /* Build configuration list for PBXProject "Flashcards" */;
			compatibilityVersion = "Xcode 9.3";
			developmentRegion = en;
			hasScannedForEncodings = 0;
			knownRegions = (
				en,
				Base,
			);
			mainGroup = 934F732C25E194D900BF3EF9;
			productRefGroup = 934F733625E194D900BF3EF9 /* Products */;
			projectDirPath = "";
			projectRoot = "";
			targets = (
				934F733425E194D900BF3EF9 /* Flashcards */,
				934F734A25E194DF00BF3EF9 /* FlashcardsTests */,
				934F735525E194DF00BF3EF9 /* FlashcardsUITests */,
			);
		};
/* End PBXProject section */

/* Begin PBXResourcesBuildPhase section */
		934F733325E194D900BF3EF9 /* Resources */ = {
			isa = PBXResourcesBuildPhase;
			buildActionMask = 2147483647;
			files = (
				934F734525E194DE00BF3EF9 /* LaunchScreen.storyboard in Resources */,
				934F734225E194DE00BF3EF9 /* Assets.xcassets in Resources */,
				934F734025E194D900BF3EF9 /* Main.storyboard in Resources */,
			);
			runOnlyForDeploymentPostprocessing = 0;
		};
		934F734925E194DF00BF3EF9 /* Resources */ = {
			isa = PBXResourcesBuildPhase;
			buildActionMask = 2147483647;
			files = (
			);
			runOnlyForDeploymentPostprocessing = 0;
		};
		934F735425E194DF00BF3EF9 /* Resources */ = {
			isa = PBXResourcesBuildPhase;
			buildActionMask = 2147483647;
			files = (
			);
			runOnlyForDeploymentPostprocessing = 0;
		};
/* End PBXResourcesBuildPhase section */

/* Begin PBXSourcesBuildPhase section */
		934F733125E194D900BF3EF9 /* Sources */ = {
			isa = PBXSourcesBuildPhase;
			buildActionMask = 2147483647;
			files = (
				934F733D25E194D900BF3EF9 /* ViewController.swift in Sources */,
				934F733925E194D900BF3EF9 /* AppDelegate.swift in Sources */,
				934F733B25E194D900BF3EF9 /* SceneDelegate.swift in Sources */,
			);
			runOnlyForDeploymentPostprocessing = 0;
		};
		934F734725E194DF00BF3EF9 /* Sources */ = {
			isa = PBXSourcesBuildPhase;
			buildActionMask = 2147483647;
			files = (
				934F735025E194DF00BF3EF9 /* FlashcardsTests.swift in Sources */,
			);
			runOnlyForDeploymentPostprocessing = 0;
		};
		934F735225E194DF00BF3EF9 /* Sources */ = {
			isa = PBXSourcesBuildPhase;
			buildActionMask = 2147483647;
			files = (
				934F735B25E194DF00BF3EF9 /* FlashcardsUITests.swift in Sources */,
			);
			runOnlyForDeploymentPostprocessing = 0;
		};
/* End PBXSourcesBuildPhase section */

/* Begin PBXTargetDependency section */
		934F734D25E194DF00BF3EF9 /* PBXTargetDependency */ = {
			isa = PBXTargetDependency;
			target = 934F733425E194D900BF3EF9 /* Flashcards */;
			targetProxy = 934F734C25E194DF00BF3EF9 /* PBXContainerItemProxy */;
		};
		934F735825E194DF00BF3EF9 /* PBXTargetDependency */ = {
			isa = PBXTargetDependency;
			target = 934F733425E194D900BF3EF9 /* Flashcards */;
			targetProxy = 934F735725E194DF00BF3EF9 /* PBXContainerItemProxy */;
		};
/* End PBXTargetDependency section */

/* Begin PBXVariantGroup section */
		934F733E25E194D900BF3EF9 /* Main.storyboard */ = {
			isa = PBXVariantGroup;
			children = (
				934F733F25E194D900BF3EF9 /* Base */,
			);
			name = Main.storyboard;
			sourceTree = "<group>";
		};
		934F734325E194DE00BF3EF9 /* LaunchScreen.storyboard */ = {
			isa = PBXVariantGroup;
			children = (
				934F734425E194DE00BF3EF9 /* Base */,
			);
			name = LaunchScreen.storyboard;
			sourceTree = "<group>";
		};
/* End PBXVariantGroup section */

/* Begin XCBuildConfiguration section */
		934F735D25E194DF00BF3EF9 /* Debug */ = {
			isa = XCBuildConfiguration;
			buildSettings = {
				ALWAYS_SEARCH_USER_PATHS = NO;
				CLANG_ANALYZER_NONNULL = YES;
				CLANG_ANALYZER_NUMBER_OBJECT_CONVERSION = YES_AGGRESSIVE;
				CLANG_CXX_LANGUAGE_STANDARD = "gnu++14";
				CLANG_CXX_LIBRARY = "libc++";
				CLANG_ENABLE_MODULES = YES;
				CLANG_ENABLE_OBJC_ARC = YES;
				CLANG_ENABLE_OBJC_WEAK = YES;
				CLANG_WARN_BLOCK_CAPTURE_AUTORELEASING = YES;
				CLANG_WARN_BOOL_CONVERSION = YES;
				CLANG_WARN_COMMA = YES;
				CLANG_WARN_CONSTANT_CONVERSION = YES;
				CLANG_WARN_DEPRECATED_OBJC_IMPLEMENTATIONS = YES;
				CLANG_WARN_DIRECT_OBJC_ISA_USAGE = YES_ERROR;
				CLANG_WARN_DOCUMENTATION_COMMENTS = YES;
				CLANG_WARN_EMPTY_BODY = YES;
				CLANG_WARN_ENUM_CONVERSION = YES;
				CLANG_WARN_INFINITE_RECURSION = YES;
				CLANG_WARN_INT_CONVERSION = YES;
				CLANG_WARN_NON_LITERAL_NULL_CONVERSION = YES;
				CLANG_WARN_OBJC_IMPLICIT_RETAIN_SELF = YES;
				CLANG_WARN_OBJC_LITERAL_CONVERSION = YES;
				CLANG_WARN_OBJC_ROOT_CLASS = YES_ERROR;
				CLANG_WARN_QUOTED_INCLUDE_IN_FRAMEWORK_HEADER = YES;
				CLANG_WARN_RANGE_LOOP_ANALYSIS = YES;
				CLANG_WARN_STRICT_PROTOTYPES = YES;
				CLANG_WARN_SUSPICIOUS_MOVE = YES;
				CLANG_WARN_UNGUARDED_AVAILABILITY = YES_AGGRESSIVE;
				CLANG_WARN_UNREACHABLE_CODE = YES;
				CLANG_WARN__DUPLICATE_METHOD_MATCH = YES;
				COPY_PHASE_STRIP = NO;
				DEBUG_INFORMATION_FORMAT = dwarf;
				ENABLE_STRICT_OBJC_MSGSEND = YES;
				ENABLE_TESTABILITY = YES;
				GCC_C_LANGUAGE_STANDARD = gnu11;
				GCC_DYNAMIC_NO_PIC = NO;
				GCC_NO_COMMON_BLOCKS = YES;
				GCC_OPTIMIZATION_LEVEL = 0;
				GCC_PREPROCESSOR_DEFINITIONS = (
					"DEBUG=1",
					"$(inherited)",
				);
				GCC_WARN_64_TO_32_BIT_CONVERSION = YES;
				GCC_WARN_ABOUT_RETURN_TYPE = YES_ERROR;
				GCC_WARN_UNDECLARED_SELECTOR = YES;
				GCC_WARN_UNINITIALIZED_AUTOS = YES_AGGRESSIVE;
				GCC_WARN_UNUSED_FUNCTION = YES;
				GCC_WARN_UNUSED_VARIABLE = YES;
				IPHONEOS_DEPLOYMENT_TARGET = 14.3;
				MTL_ENABLE_DEBUG_INFO = INCLUDE_SOURCE;
				MTL_FAST_MATH = YES;
				ONLY_ACTIVE_ARCH = YES;
				SDKROOT = iphoneos;
				SWIFT_ACTIVE_COMPILATION_CONDITIONS = DEBUG;
				SWIFT_OPTIMIZATION_LEVEL = "-Onone";
			};
			name = Debug;
		};
		934F735E25E194DF00BF3EF9 /* Release */ = {
			isa = XCBuildConfiguration;
			buildSettings = {
				ALWAYS_SEARCH_USER_PATHS = NO;
				CLANG_ANALYZER_NONNULL = YES;
				CLANG_ANALYZER_NUMBER_OBJECT_CONVERSION = YES_AGGRESSIVE;
				CLANG_CXX_LANGUAGE_STANDARD = "gnu++14";
				CLANG_CXX_LIBRARY = "libc++";
				CLANG_ENABLE_MODULES = YES;
				CLANG_ENABLE_OBJC_ARC = YES;
				CLANG_ENABLE_OBJC_WEAK = YES;
				CLANG_WARN_BLOCK_CAPTURE_AUTORELEASING = YES;
				CLANG_WARN_BOOL_CONVERSION = YES;
				CLANG_WARN_COMMA = YES;
				CLANG_WARN_CONSTANT_CONVERSION = YES;
				CLANG_WARN_DEPRECATED_OBJC_IMPLEMENTATIONS = YES;
				CLANG_WARN_DIRECT_OBJC_ISA_USAGE = YES_ERROR;
				CLANG_WARN_DOCUMENTATION_COMMENTS = YES;
				CLANG_WARN_EMPTY_BODY = YES;
				CLANG_WARN_ENUM_CONVERSION = YES;
				CLANG_WARN_INFINITE_RECURSION = YES;
				CLANG_WARN_INT_CONVERSION = YES;
				CLANG_WARN_NON_LITERAL_NULL_CONVERSION = YES;
				CLANG_WARN_OBJC_IMPLICIT_RETAIN_SELF = YES;
				CLANG_WARN_OBJC_LITERAL_CONVERSION = YES;
				CLANG_WARN_OBJC_ROOT_CLASS = YES_ERROR;
				CLANG_WARN_QUOTED_INCLUDE_IN_FRAMEWORK_HEADER = YES;
				CLANG_WARN_RANGE_LOOP_ANALYSIS = YES;
				CLANG_WARN_STRICT_PROTOTYPES = YES;
				CLANG_WARN_SUSPICIOUS_MOVE = YES;
				CLANG_WARN_UNGUARDED_AVAILABILITY = YES_AGGRESSIVE;
				CLANG_WARN_UNREACHABLE_CODE = YES;
				CLANG_WARN__DUPLICATE_METHOD_MATCH = YES;
				COPY_PHASE_STRIP = NO;
				DEBUG_INFORMATION_FORMAT = "dwarf-with-dsym";
				ENABLE_NS_ASSERTIONS = NO;
				ENABLE_STRICT_OBJC_MSGSEND = YES;
				GCC_C_LANGUAGE_STANDARD = gnu11;
				GCC_NO_COMMON_BLOCKS = YES;
				GCC_WARN_64_TO_32_BIT_CONVERSION = YES;
				GCC_WARN_ABOUT_RETURN_TYPE = YES_ERROR;
				GCC_WARN_UNDECLARED_SELECTOR = YES;
				GCC_WARN_UNINITIALIZED_AUTOS = YES_AGGRESSIVE;
				GCC_WARN_UNUSED_FUNCTION = YES;
				GCC_WARN_UNUSED_VARIABLE = YES;
				IPHONEOS_DEPLOYMENT_TARGET = 14.3;
				MTL_ENABLE_DEBUG_INFO = NO;
				MTL_FAST_MATH = YES;
				SDKROOT = iphoneos;
				SWIFT_COMPILATION_MODE = wholemodule;
				SWIFT_OPTIMIZATION_LEVEL = "-O";
				VALIDATE_PRODUCT = YES;
			};
			name = Release;
		};
		934F736025E194DF00BF3EF9 /* Debug */ = {
			isa = XCBuildConfiguration;
			buildSettings = {
				ASSETCATALOG_COMPILER_APPICON_NAME = AppIcon;
				ASSETCATALOG_COMPILER_GLOBAL_ACCENT_COLOR_NAME = AccentColor;
				CODE_SIGN_STYLE = Automatic;
				INFOPLIST_FILE = Flashcards/Info.plist;
				LD_RUNPATH_SEARCH_PATHS = (
					"$(inherited)",
					"@executable_path/Frameworks",
				);
				PRODUCT_BUNDLE_IDENTIFIER = com.chris.Flashcards;
				PRODUCT_NAME = "$(TARGET_NAME)";
				SWIFT_VERSION = 5.0;
				TARGETED_DEVICE_FAMILY = "1,2";
			};
			name = Debug;
		};
		934F736125E194DF00BF3EF9 /* Release */ = {
			isa = XCBuildConfiguration;
			buildSettings = {
				ASSETCATALOG_COMPILER_APPICON_NAME = AppIcon;
				ASSETCATALOG_COMPILER_GLOBAL_ACCENT_COLOR_NAME = AccentColor;
				CODE_SIGN_STYLE = Automatic;
				INFOPLIST_FILE = Flashcards/Info.plist;
				LD_RUNPATH_SEARCH_PATHS = (
					"$(inherited)",
					"@executable_path/Frameworks",
				);
				PRODUCT_BUNDLE_IDENTIFIER = com.chris.Flashcards;
				PRODUCT_NAME = "$(TARGET_NAME)";
				SWIFT_VERSION = 5.0;
				TARGETED_DEVICE_FAMILY = "1,2";
			};
			name = Release;
		};
		934F736325E194DF00BF3EF9 /* Debug */ = {
			isa = XCBuildConfiguration;
			buildSettings = {
				ALWAYS_EMBED_SWIFT_STANDARD_LIBRARIES = YES;
				BUNDLE_LOADER = "$(TEST_HOST)";
				CODE_SIGN_STYLE = Automatic;
				INFOPLIST_FILE = FlashcardsTests/Info.plist;
				IPHONEOS_DEPLOYMENT_TARGET = 14.3;
				LD_RUNPATH_SEARCH_PATHS = (
					"$(inherited)",
					"@executable_path/Frameworks",
					"@loader_path/Frameworks",
				);
				PRODUCT_BUNDLE_IDENTIFIER = com.chris.FlashcardsTests;
				PRODUCT_NAME = "$(TARGET_NAME)";
				SWIFT_VERSION = 5.0;
				TARGETED_DEVICE_FAMILY = "1,2";
				TEST_HOST = "$(BUILT_PRODUCTS_DIR)/Flashcards.app/Flashcards";
			};
			name = Debug;
		};
		934F736425E194DF00BF3EF9 /* Release */ = {
			isa = XCBuildConfiguration;
			buildSettings = {
				ALWAYS_EMBED_SWIFT_STANDARD_LIBRARIES = YES;
				BUNDLE_LOADER = "$(TEST_HOST)";
				CODE_SIGN_STYLE = Automatic;
				INFOPLIST_FILE = FlashcardsTests/Info.plist;
				IPHONEOS_DEPLOYMENT_TARGET = 14.3;
				LD_RUNPATH_SEARCH_PATHS = (
					"$(inherited)",
					"@executable_path/Frameworks",
					"@loader_path/Frameworks",
				);
				PRODUCT_BUNDLE_IDENTIFIER = com.chris.FlashcardsTests;
				PRODUCT_NAME = "$(TARGET_NAME)";
				SWIFT_VERSION = 5.0;
				TARGETED_DEVICE_FAMILY = "1,2";
				TEST_HOST = "$(BUILT_PRODUCTS_DIR)/Flashcards.app/Flashcards";
			};
			name = Release;
		};
		934F736625E194DF00BF3EF9 /* Debug */ = {
			isa = XCBuildConfiguration;
			buildSettings = {
				ALWAYS_EMBED_SWIFT_STANDARD_LIBRARIES = YES;
				CODE_SIGN_STYLE = Automatic;
				INFOPLIST_FILE = FlashcardsUITests/Info.plist;
				LD_RUNPATH_SEARCH_PATHS = (
					"$(inherited)",
					"@executable_path/Frameworks",
					"@loader_path/Frameworks",
				);
				PRODUCT_BUNDLE_IDENTIFIER = com.chris.FlashcardsUITests;
				PRODUCT_NAME = "$(TARGET_NAME)";
				SWIFT_VERSION = 5.0;
				TARGETED_DEVICE_FAMILY = "1,2";
				TEST_TARGET_NAME = Flashcards;
			};
			name = Debug;
		};
		934F736725E194DF00BF3EF9 /* Release */ = {
			isa = XCBuildConfiguration;
			buildSettings = {
				ALWAYS_EMBED_SWIFT_STANDARD_LIBRARIES = YES;
				CODE_SIGN_STYLE = Automatic;
				INFOPLIST_FILE = FlashcardsUITests/Info.plist;
				LD_RUNPATH_SEARCH_PATHS = (
					"$(inherited)",
					"@executable_path/Frameworks",
					"@loader_path/Frameworks",
				);
				PRODUCT_BUNDLE_IDENTIFIER = com.chris.FlashcardsUITests;
				PRODUCT_NAME = "$(TARGET_NAME)";
				SWIFT_VERSION = 5.0;
				TARGETED_DEVICE_FAMILY = "1,2";
				TEST_TARGET_NAME = Flashcards;
			};
			name = Release;
		};
/* End XCBuildConfiguration section */

/* Begin XCConfigurationList section */
		934F733025E194D900BF3EF9 /* Build configuration list for PBXProject "Flashcards" */ = {
			isa = XCConfigurationList;
			buildConfigurations = (
				934F735D25E194DF00BF3EF9 /* Debug */,
				934F735E25E194DF00BF3EF9 /* Release */,
			);
			defaultConfigurationIsVisible = 0;
			defaultConfigurationName = Release;
		};
		934F735F25E194DF00BF3EF9 /* Build configuration list for PBXNativeTarget "Flashcards" */ = {
			isa = XCConfigurationList;
			buildConfigurations = (
				934F736025E194DF00BF3EF9 /* Debug */,
				934F736125E194DF00BF3EF9 /* Release */,
			);
			defaultConfigurationIsVisible = 0;
			defaultConfigurationName = Release;
		};
		934F736225E194DF00BF3EF9 /* Build configuration list for PBXNativeTarget "FlashcardsTests" */ = {
			isa = XCConfigurationList;
			buildConfigurations = (
				934F736325E194DF00BF3EF9 /* Debug */,
				934F736425E194DF00BF3EF9 /* Release */,
			);
			defaultConfigurationIsVisible = 0;
			defaultConfigurationName = Release;
		};
		934F736525E194DF00BF3EF9 /* Build configuration list for PBXNativeTarget "FlashcardsUITests" */ = {
			isa = XCConfigurationList;
			buildConfigurations = (
				934F736625E194DF00BF3EF9 /* Debug */,
				934F736725E194DF00BF3EF9 /* Release */,
			);
			defaultConfigurationIsVisible = 0;
			defaultConfigurationName = Release;
		};
/* End XCConfigurationList section */
	};
	rootObject = 934F732D25E194D900BF3EF9 /* Project object */;
}
